{
  "originHash" : "6f26938f65f199db84a4a0a2f0a57e190108727caf45c13d0f446c9aa4afcbaf",
  "pins" : [
    {
      "identity" : "designsystem",
      "kind" : "remoteSourceControl",
      "location" : "https://github.com/LooseMarek/DesignSystem",
      "state" : {
        "branch" : "master",
        "revision" : "8930e71c9c259c7646bb600d0c4bb7365e916998"
      }
    }
  ],
  "version" : 3
}
