{
  "originHash" : "6f26938f65f199db84a4a0a2f0a57e190108727caf45c13d0f446c9aa4afcbaf",
  "pins" : [
    {
      "identity" : "designsystem",
      "kind" : "remoteSourceControl",
      "location" : "https://github.com/LooseMarek/DesignSystem",
      "state" : {
        "branch" : "master",
        "revision" : "6c8f547994a97bdefbcb5d95bed6ca4ae4042f6d"
      }
    }
  ],
  "version" : 3
}
